// !$*UTF8*$!
{
	archiveVersion = 1;
	classes = {
	};
	objectVersion = 56;
	objects = {

/* Begin PBXBuildFile section */
		9EFA6F382B2C004C0068B3FE /* MessengerApp.swift in Sources */ = {isa = PBXBuildFile; fileRef = 9EFA6F372B2C004C0068B3FE /* MessengerApp.swift */; };
		9EFA6F3A2B2C004C0068B3FE /* ContentView.swift in Sources */ = {isa = PBXBuildFile; fileRef = 9EFA6F392B2C004C0068B3FE /* ContentView.swift */; };
		9EFA6F3C2B2C00520068B3FE /* Assets.xcassets in Resources */ = {isa = PBXBuildFile; fileRef = 9EFA6F3B2B2C00520068B3FE /* Assets.xcassets */; };
		9EFA6F3F2B2C00520068B3FE /* Preview Assets.xcassets in Resources */ = {isa = PBXBuildFile; fileRef = 9EFA6F3E2B2C00520068B3FE /* Preview Assets.xcassets */; };
		9EFA6F4E2B2C01540068B3FE /* LoginView.swift in Sources */ = {isa = PBXBuildFile; fileRef = 9EFA6F4D2B2C01540068B3FE /* LoginView.swift */; };
		9EFA6F502B2C0C7C0068B3FE /* SignUpView.swift in Sources */ = {isa = PBXBuildFile; fileRef = 9EFA6F4F2B2C0C7C0068B3FE /* SignUpView.swift */; };
		9EFA6F532B2E00E40068B3FE /* InboxView.swift in Sources */ = {isa = PBXBuildFile; fileRef = 9EFA6F522B2E00E40068B3FE /* InboxView.swift */; };
		9EFA6F582B2E05B80068B3FE /* ActiveNowView.swift in Sources */ = {isa = PBXBuildFile; fileRef = 9EFA6F572B2E05B80068B3FE /* ActiveNowView.swift */; };
		9EFA6F5A2B2E090A0068B3FE /* InboxRowView.swift in Sources */ = {isa = PBXBuildFile; fileRef = 9EFA6F592B2E090A0068B3FE /* InboxRowView.swift */; };
		9EFA6F5D2B3452B90068B3FE /* NewMessageView.swift in Sources */ = {isa = PBXBuildFile; fileRef = 9EFA6F5C2B3452B90068B3FE /* NewMessageView.swift */; };
		9EFA6F622B345A660068B3FE /* ProfileView.swift in Sources */ = {isa = PBXBuildFile; fileRef = 9EFA6F612B345A660068B3FE /* ProfileView.swift */; };
		9EFA6F642B345C6B0068B3FE /* SettingsOptionsViewModel.swift in Sources */ = {isa = PBXBuildFile; fileRef = 9EFA6F632B345C6B0068B3FE /* SettingsOptionsViewModel.swift */; };
		9EFA6F662B3465DA0068B3FE /* ProfileViewModel.swift in Sources */ = {isa = PBXBuildFile; fileRef = 9EFA6F652B3465DA0068B3FE /* ProfileViewModel.swift */; };
		9EFA6F682B346BDD0068B3FE /* User.swift in Sources */ = {isa = PBXBuildFile; fileRef = 9EFA6F672B346BDD0068B3FE /* User.swift */; };
		9EFA6F6C2B3473580068B3FE /* CircularProfileImageView.swift in Sources */ = {isa = PBXBuildFile; fileRef = 9EFA6F6B2B3473570068B3FE /* CircularProfileImageView.swift */; };
		9EFA6F6F2B3481350068B3FE /* ChatView.swift in Sources */ = {isa = PBXBuildFile; fileRef = 9EFA6F6E2B3481350068B3FE /* ChatView.swift */; };
		9EFA6F712B3488E20068B3FE /* ChatMessageCell.swift in Sources */ = {isa = PBXBuildFile; fileRef = 9EFA6F702B3488E20068B3FE /* ChatMessageCell.swift */; };
		9EFA6F732B348FFF0068B3FE /* ChatBubble.swift in Sources */ = {isa = PBXBuildFile; fileRef = 9EFA6F722B348FFF0068B3FE /* ChatBubble.swift */; };
		9EFA6F752B35B96A0068B3FE /* GoogleService-Info.plist in Resources */ = {isa = PBXBuildFile; fileRef = 9EFA6F742B35B96A0068B3FE /* GoogleService-Info.plist */; };
		9EFA6F782B35BD280068B3FE /* FirebaseAnalytics in Frameworks */ = {isa = PBXBuildFile; productRef = 9EFA6F772B35BD280068B3FE /* FirebaseAnalytics */; };
		9EFA6F7A2B35BD280068B3FE /* FirebaseAnalyticsOnDeviceConversion in Frameworks */ = {isa = PBXBuildFile; productRef = 9EFA6F792B35BD280068B3FE /* FirebaseAnalyticsOnDeviceConversion */; };
		9EFA6F7C2B35BD280068B3FE /* FirebaseAnalyticsSwift in Frameworks */ = {isa = PBXBuildFile; productRef = 9EFA6F7B2B35BD280068B3FE /* FirebaseAnalyticsSwift */; };
		9EFA6F7E2B35BD280068B3FE /* FirebaseAnalyticsWithoutAdIdSupport in Frameworks */ = {isa = PBXBuildFile; productRef = 9EFA6F7D2B35BD280068B3FE /* FirebaseAnalyticsWithoutAdIdSupport */; };
		9EFA6F802B35BD280068B3FE /* FirebaseAppCheck in Frameworks */ = {isa = PBXBuildFile; productRef = 9EFA6F7F2B35BD280068B3FE /* FirebaseAppCheck */; };
		9EFA6F822B35BD280068B3FE /* FirebaseAppDistribution-Beta in Frameworks */ = {isa = PBXBuildFile; productRef = 9EFA6F812B35BD280068B3FE /* FirebaseAppDistribution-Beta */; };
		9EFA6F842B35BD280068B3FE /* FirebaseAuth in Frameworks */ = {isa = PBXBuildFile; productRef = 9EFA6F832B35BD280068B3FE /* FirebaseAuth */; };
		9EFA6F862B35BD280068B3FE /* FirebaseAuthCombine-Community in Frameworks */ = {isa = PBXBuildFile; productRef = 9EFA6F852B35BD280068B3FE /* FirebaseAuthCombine-Community */; };
		9EFA6F882B35BD280068B3FE /* FirebaseCrashlytics in Frameworks */ = {isa = PBXBuildFile; productRef = 9EFA6F872B35BD280068B3FE /* FirebaseCrashlytics */; };
		9EFA6F8A2B35BD280068B3FE /* FirebaseDatabase in Frameworks */ = {isa = PBXBuildFile; productRef = 9EFA6F892B35BD280068B3FE /* FirebaseDatabase */; };
		9EFA6F8C2B35BD280068B3FE /* FirebaseDatabaseSwift in Frameworks */ = {isa = PBXBuildFile; productRef = 9EFA6F8B2B35BD280068B3FE /* FirebaseDatabaseSwift */; };
		9EFA6F8E2B35BD280068B3FE /* FirebaseDynamicLinks in Frameworks */ = {isa = PBXBuildFile; productRef = 9EFA6F8D2B35BD280068B3FE /* FirebaseDynamicLinks */; };
		9EFA6F902B35BD280068B3FE /* FirebaseFirestore in Frameworks */ = {isa = PBXBuildFile; productRef = 9EFA6F8F2B35BD280068B3FE /* FirebaseFirestore */; };
		9EFA6F922B35BD280068B3FE /* FirebaseFirestoreCombine-Community in Frameworks */ = {isa = PBXBuildFile; productRef = 9EFA6F912B35BD280068B3FE /* FirebaseFirestoreCombine-Community */; };
		9EFA6F942B35BD280068B3FE /* FirebaseFirestoreSwift in Frameworks */ = {isa = PBXBuildFile; productRef = 9EFA6F932B35BD280068B3FE /* FirebaseFirestoreSwift */; };
		9EFA6F962B35BD280068B3FE /* FirebaseFunctions in Frameworks */ = {isa = PBXBuildFile; productRef = 9EFA6F952B35BD280068B3FE /* FirebaseFunctions */; };
		9EFA6F982B35BD280068B3FE /* FirebaseFunctionsCombine-Community in Frameworks */ = {isa = PBXBuildFile; productRef = 9EFA6F972B35BD280068B3FE /* FirebaseFunctionsCombine-Community */; };
		9EFA6F9A2B35BD280068B3FE /* FirebaseInAppMessaging-Beta in Frameworks */ = {isa = PBXBuildFile; productRef = 9EFA6F992B35BD280068B3FE /* FirebaseInAppMessaging-Beta */; };
		9EFA6F9C2B35BD280068B3FE /* FirebaseInAppMessagingSwift-Beta in Frameworks */ = {isa = PBXBuildFile; productRef = 9EFA6F9B2B35BD280068B3FE /* FirebaseInAppMessagingSwift-Beta */; };
		9EFA6F9E2B35BD280068B3FE /* FirebaseInstallations in Frameworks */ = {isa = PBXBuildFile; productRef = 9EFA6F9D2B35BD280068B3FE /* FirebaseInstallations */; };
		9EFA6FA02B35BD280068B3FE /* FirebaseMLModelDownloader in Frameworks */ = {isa = PBXBuildFile; productRef = 9EFA6F9F2B35BD280068B3FE /* FirebaseMLModelDownloader */; };
		9EFA6FA22B35BD280068B3FE /* FirebaseMessaging in Frameworks */ = {isa = PBXBuildFile; productRef = 9EFA6FA12B35BD280068B3FE /* FirebaseMessaging */; };
		9EFA6FA42B35BD280068B3FE /* FirebasePerformance in Frameworks */ = {isa = PBXBuildFile; productRef = 9EFA6FA32B35BD280068B3FE /* FirebasePerformance */; };
		9EFA6FA62B35BD280068B3FE /* FirebaseRemoteConfig in Frameworks */ = {isa = PBXBuildFile; productRef = 9EFA6FA52B35BD280068B3FE /* FirebaseRemoteConfig */; };
		9EFA6FA82B35BD280068B3FE /* FirebaseRemoteConfigSwift in Frameworks */ = {isa = PBXBuildFile; productRef = 9EFA6FA72B35BD280068B3FE /* FirebaseRemoteConfigSwift */; };
		9EFA6FAA2B35BD280068B3FE /* FirebaseStorage in Frameworks */ = {isa = PBXBuildFile; productRef = 9EFA6FA92B35BD280068B3FE /* FirebaseStorage */; };
		9EFA6FAC2B35BD280068B3FE /* FirebaseStorageCombine-Community in Frameworks */ = {isa = PBXBuildFile; productRef = 9EFA6FAB2B35BD280068B3FE /* FirebaseStorageCombine-Community */; };
		9EFA6FB02B35BFF60068B3FE /* LoginViewModel.swift in Sources */ = {isa = PBXBuildFile; fileRef = 9EFA6FAF2B35BFF60068B3FE /* LoginViewModel.swift */; };
		9EFA6FB42B35C0470068B3FE /* AuthService.swift in Sources */ = {isa = PBXBuildFile; fileRef = 9EFA6FB32B35C0470068B3FE /* AuthService.swift */; };
		9EFA6FB72B35C0B10068B3FE /* AuthServiceImpl.swift in Sources */ = {isa = PBXBuildFile; fileRef = 9EFA6FB62B35C0B10068B3FE /* AuthServiceImpl.swift */; };
		9EFA6FB92B35C4490068B3FE /* SignUpViewModel.swift in Sources */ = {isa = PBXBuildFile; fileRef = 9EFA6FB82B35C4490068B3FE /* SignUpViewModel.swift */; };
		9EFA6FBD2B3C51400068B3FE /* ContentViewModel.swift in Sources */ = {isa = PBXBuildFile; fileRef = 9EFA6FBC2B3C51400068B3FE /* ContentViewModel.swift */; };
/* End PBXBuildFile section */

/* Begin PBXFileReference section */
		9EFA6F342B2C004C0068B3FE /* Messenger.app */ = {isa = PBXFileReference; explicitFileType = wrapper.application; includeInIndex = 0; path = Messenger.app; sourceTree = BUILT_PRODUCTS_DIR; };
		9EFA6F372B2C004C0068B3FE /* MessengerApp.swift */ = {isa = PBXFileReference; lastKnownFileType = sourcecode.swift; path = MessengerApp.swift; sourceTree = "<group>"; };
		9EFA6F392B2C004C0068B3FE /* ContentView.swift */ = {isa = PBXFileReference; lastKnownFileType = sourcecode.swift; path = ContentView.swift; sourceTree = "<group>"; };
		9EFA6F3B2B2C00520068B3FE /* Assets.xcassets */ = {isa = PBXFileReference; lastKnownFileType = folder.assetcatalog; path = Assets.xcassets; sourceTree = "<group>"; };
		9EFA6F3E2B2C00520068B3FE /* Preview Assets.xcassets */ = {isa = PBXFileReference; lastKnownFileType = folder.assetcatalog; path = "Preview Assets.xcassets"; sourceTree = "<group>"; };
		9EFA6F4D2B2C01540068B3FE /* LoginView.swift */ = {isa = PBXFileReference; lastKnownFileType = sourcecode.swift; path = LoginView.swift; sourceTree = SOURCE_ROOT; };
		9EFA6F4F2B2C0C7C0068B3FE /* SignUpView.swift */ = {isa = PBXFileReference; lastKnownFileType = sourcecode.swift; path = SignUpView.swift; sourceTree = "<group>"; };
		9EFA6F522B2E00E40068B3FE /* InboxView.swift */ = {isa = PBXFileReference; lastKnownFileType = sourcecode.swift; path = InboxView.swift; sourceTree = "<group>"; };
		9EFA6F572B2E05B80068B3FE /* ActiveNowView.swift */ = {isa = PBXFileReference; lastKnownFileType = sourcecode.swift; path = ActiveNowView.swift; sourceTree = "<group>"; };
		9EFA6F592B2E090A0068B3FE /* InboxRowView.swift */ = {isa = PBXFileReference; lastKnownFileType = sourcecode.swift; path = InboxRowView.swift; sourceTree = "<group>"; };
		9EFA6F5C2B3452B90068B3FE /* NewMessageView.swift */ = {isa = PBXFileReference; lastKnownFileType = sourcecode.swift; path = NewMessageView.swift; sourceTree = "<group>"; };
		9EFA6F612B345A660068B3FE /* ProfileView.swift */ = {isa = PBXFileReference; lastKnownFileType = sourcecode.swift; path = ProfileView.swift; sourceTree = "<group>"; };
		9EFA6F632B345C6B0068B3FE /* SettingsOptionsViewModel.swift */ = {isa = PBXFileReference; lastKnownFileType = sourcecode.swift; path = SettingsOptionsViewModel.swift; sourceTree = "<group>"; };
		9EFA6F652B3465DA0068B3FE /* ProfileViewModel.swift */ = {isa = PBXFileReference; lastKnownFileType = sourcecode.swift; path = ProfileViewModel.swift; sourceTree = "<group>"; };
		9EFA6F672B346BDD0068B3FE /* User.swift */ = {isa = PBXFileReference; lastKnownFileType = sourcecode.swift; path = User.swift; sourceTree = "<group>"; };
		9EFA6F6B2B3473570068B3FE /* CircularProfileImageView.swift */ = {isa = PBXFileReference; lastKnownFileType = sourcecode.swift; path = CircularProfileImageView.swift; sourceTree = "<group>"; };
		9EFA6F6E2B3481350068B3FE /* ChatView.swift */ = {isa = PBXFileReference; lastKnownFileType = sourcecode.swift; path = ChatView.swift; sourceTree = "<group>"; };
		9EFA6F702B3488E20068B3FE /* ChatMessageCell.swift */ = {isa = PBXFileReference; lastKnownFileType = sourcecode.swift; path = ChatMessageCell.swift; sourceTree = "<group>"; };
		9EFA6F722B348FFF0068B3FE /* ChatBubble.swift */ = {isa = PBXFileReference; lastKnownFileType = sourcecode.swift; path = ChatBubble.swift; sourceTree = "<group>"; };
		9EFA6F742B35B96A0068B3FE /* GoogleService-Info.plist */ = {isa = PBXFileReference; fileEncoding = 4; lastKnownFileType = text.plist.xml; path = "GoogleService-Info.plist"; sourceTree = "<group>"; };
		9EFA6FAF2B35BFF60068B3FE /* LoginViewModel.swift */ = {isa = PBXFileReference; lastKnownFileType = sourcecode.swift; path = LoginViewModel.swift; sourceTree = "<group>"; };
		9EFA6FB32B35C0470068B3FE /* AuthService.swift */ = {isa = PBXFileReference; lastKnownFileType = sourcecode.swift; path = AuthService.swift; sourceTree = "<group>"; };
		9EFA6FB62B35C0B10068B3FE /* AuthServiceImpl.swift */ = {isa = PBXFileReference; lastKnownFileType = sourcecode.swift; path = AuthServiceImpl.swift; sourceTree = "<group>"; };
		9EFA6FB82B35C4490068B3FE /* SignUpViewModel.swift */ = {isa = PBXFileReference; lastKnownFileType = sourcecode.swift; path = SignUpViewModel.swift; sourceTree = "<group>"; };
		9EFA6FBC2B3C51400068B3FE /* ContentViewModel.swift */ = {isa = PBXFileReference; lastKnownFileType = sourcecode.swift; path = ContentViewModel.swift; sourceTree = "<group>"; };
/* End PBXFileReference section */

/* Begin PBXFrameworksBuildPhase section */
		9EFA6F312B2C004C0068B3FE /* Frameworks */ = {
			isa = PBXFrameworksBuildPhase;
			buildActionMask = 2147483647;
			files = (
				9EFA6F8A2B35BD280068B3FE /* FirebaseDatabase in Frameworks */,
				9EFA6F982B35BD280068B3FE /* FirebaseFunctionsCombine-Community in Frameworks */,
				9EFA6F902B35BD280068B3FE /* FirebaseFirestore in Frameworks */,
				9EFA6F7C2B35BD280068B3FE /* FirebaseAnalyticsSwift in Frameworks */,
				9EFA6F782B35BD280068B3FE /* FirebaseAnalytics in Frameworks */,
				9EFA6F7A2B35BD280068B3FE /* FirebaseAnalyticsOnDeviceConversion in Frameworks */,
				9EFA6FA02B35BD280068B3FE /* FirebaseMLModelDownloader in Frameworks */,
				9EFA6F942B35BD280068B3FE /* FirebaseFirestoreSwift in Frameworks */,
				9EFA6F802B35BD280068B3FE /* FirebaseAppCheck in Frameworks */,
				9EFA6F7E2B35BD280068B3FE /* FirebaseAnalyticsWithoutAdIdSupport in Frameworks */,
				9EFA6F842B35BD280068B3FE /* FirebaseAuth in Frameworks */,
				9EFA6F882B35BD280068B3FE /* FirebaseCrashlytics in Frameworks */,
				9EFA6FA82B35BD280068B3FE /* FirebaseRemoteConfigSwift in Frameworks */,
				9EFA6F9A2B35BD280068B3FE /* FirebaseInAppMessaging-Beta in Frameworks */,
				9EFA6F8C2B35BD280068B3FE /* FirebaseDatabaseSwift in Frameworks */,
				9EFA6F962B35BD280068B3FE /* FirebaseFunctions in Frameworks */,
				9EFA6FAC2B35BD280068B3FE /* FirebaseStorageCombine-Community in Frameworks */,
				9EFA6FA62B35BD280068B3FE /* FirebaseRemoteConfig in Frameworks */,
				9EFA6F822B35BD280068B3FE /* FirebaseAppDistribution-Beta in Frameworks */,
				9EFA6F862B35BD280068B3FE /* FirebaseAuthCombine-Community in Frameworks */,
				9EFA6FA42B35BD280068B3FE /* FirebasePerformance in Frameworks */,
				9EFA6F9C2B35BD280068B3FE /* FirebaseInAppMessagingSwift-Beta in Frameworks */,
				9EFA6FAA2B35BD280068B3FE /* FirebaseStorage in Frameworks */,
				9EFA6F8E2B35BD280068B3FE /* FirebaseDynamicLinks in Frameworks */,
				9EFA6F922B35BD280068B3FE /* FirebaseFirestoreCombine-Community in Frameworks */,
				9EFA6FA22B35BD280068B3FE /* FirebaseMessaging in Frameworks */,
				9EFA6F9E2B35BD280068B3FE /* FirebaseInstallations in Frameworks */,
			);
			runOnlyForDeploymentPostprocessing = 0;
		};
/* End PBXFrameworksBuildPhase section */

/* Begin PBXGroup section */
		9EFA6F2B2B2C004B0068B3FE = {
			isa = PBXGroup;
			children = (
				9EFA6F362B2C004C0068B3FE /* Messenger */,
				9EFA6F352B2C004C0068B3FE /* Products */,
			);
			sourceTree = "<group>";
		};
		9EFA6F352B2C004C0068B3FE /* Products */ = {
			isa = PBXGroup;
			children = (
				9EFA6F342B2C004C0068B3FE /* Messenger.app */,
			);
			name = Products;
			sourceTree = "<group>";
		};
		9EFA6F362B2C004C0068B3FE /* Messenger */ = {
			isa = PBXGroup;
			children = (
				9EFA6F492B2C00F90068B3FE /* App */,
				9EFA6F6A2B34732F0068B3FE /* Components */,
				9EFA6F482B2C00F80068B3FE /* Core */,
				9EFA6F452B2C00EF0068B3FE /* Extensions */,
				9EFA6F472B2C00F70068B3FE /* Model */,
				9EFA6F462B2C00F30068B3FE /* Service */,
				9EFA6F3B2B2C00520068B3FE /* Assets.xcassets */,
				9EFA6F742B35B96A0068B3FE /* GoogleService-Info.plist */,
				9EFA6F3D2B2C00520068B3FE /* Preview Content */,
			);
			path = Messenger;
			sourceTree = "<group>";
		};
		9EFA6F3D2B2C00520068B3FE /* Preview Content */ = {
			isa = PBXGroup;
			children = (
				9EFA6F3E2B2C00520068B3FE /* Preview Assets.xcassets */,
			);
			path = "Preview Content";
			sourceTree = "<group>";
		};
		9EFA6F452B2C00EF0068B3FE /* Extensions */ = {
			isa = PBXGroup;
			children = (
			);
			path = Extensions;
			sourceTree = "<group>";
		};
		9EFA6F462B2C00F30068B3FE /* Service */ = {
			isa = PBXGroup;
			children = (
			);
			path = Service;
			sourceTree = "<group>";
		};
		9EFA6F472B2C00F70068B3FE /* Model */ = {
			isa = PBXGroup;
			children = (
				9EFA6F672B346BDD0068B3FE /* User.swift */,
			);
			path = Model;
			sourceTree = "<group>";
		};
		9EFA6F482B2C00F80068B3FE /* Core */ = {
			isa = PBXGroup;
			children = (
				9EFA6F562B2E059D0068B3FE /* ActiveNow */,
				9EFA6F4A2B2C01330068B3FE /* Auth */,
				9EFA6F6D2B3481280068B3FE /* Chat */,
				9EFA6F512B2E00D30068B3FE /* Inbox */,
				9EFA6F5B2B3452A20068B3FE /* NewMessage */,
				9EFA6F5E2B345A1E0068B3FE /* Profile */,
				9EFA6F4B2B2C01390068B3FE /* Root */,
			);
			path = Core;
			sourceTree = "<group>";
		};
		9EFA6F492B2C00F90068B3FE /* App */ = {
			isa = PBXGroup;
			children = (
				9EFA6F372B2C004C0068B3FE /* MessengerApp.swift */,
			);
			path = App;
			sourceTree = "<group>";
		};
		9EFA6F4A2B2C01330068B3FE /* Auth */ = {
			isa = PBXGroup;
			children = (
				9EFA6FAE2B35BFD20068B3FE /* Service */,
				9EFA6F4C2B2C01470068B3FE /* View */,
				9EFA6FAD2B35BFC10068B3FE /* ViewModel */,
			);
			path = Auth;
			sourceTree = "<group>";
		};
		9EFA6F4B2B2C01390068B3FE /* Root */ = {
			isa = PBXGroup;
			children = (
				9EFA6FBB2B3C51110068B3FE /* View */,
				9EFA6FBA2B3C510F0068B3FE /* ViewModel */,
			);
			path = Root;
			sourceTree = "<group>";
		};
		9EFA6F4C2B2C01470068B3FE /* View */ = {
			isa = PBXGroup;
			children = (
				9EFA6F4D2B2C01540068B3FE /* LoginView.swift */,
				9EFA6F4F2B2C0C7C0068B3FE /* SignUpView.swift */,
			);
			path = View;
			sourceTree = "<group>";
		};
		9EFA6F512B2E00D30068B3FE /* Inbox */ = {
			isa = PBXGroup;
			children = (
				9EFA6F522B2E00E40068B3FE /* InboxView.swift */,
				9EFA6F592B2E090A0068B3FE /* InboxRowView.swift */,
			);
			path = Inbox;
			sourceTree = "<group>";
		};
		9EFA6F562B2E059D0068B3FE /* ActiveNow */ = {
			isa = PBXGroup;
			children = (
				9EFA6F572B2E05B80068B3FE /* ActiveNowView.swift */,
			);
			path = ActiveNow;
			sourceTree = "<group>";
		};
		9EFA6F5B2B3452A20068B3FE /* NewMessage */ = {
			isa = PBXGroup;
			children = (
				9EFA6F5C2B3452B90068B3FE /* NewMessageView.swift */,
			);
			path = NewMessage;
			sourceTree = "<group>";
		};
		9EFA6F5E2B345A1E0068B3FE /* Profile */ = {
			isa = PBXGroup;
			children = (
				9EFA6F602B345A3F0068B3FE /* View */,
				9EFA6F5F2B345A330068B3FE /* ViewModel */,
			);
			path = Profile;
			sourceTree = "<group>";
		};
		9EFA6F5F2B345A330068B3FE /* ViewModel */ = {
			isa = PBXGroup;
			children = (
				9EFA6F632B345C6B0068B3FE /* SettingsOptionsViewModel.swift */,
				9EFA6F652B3465DA0068B3FE /* ProfileViewModel.swift */,
			);
			path = ViewModel;
			sourceTree = "<group>";
		};
		9EFA6F602B345A3F0068B3FE /* View */ = {
			isa = PBXGroup;
			children = (
				9EFA6F612B345A660068B3FE /* ProfileView.swift */,
			);
			path = View;
			sourceTree = "<group>";
		};
		9EFA6F6A2B34732F0068B3FE /* Components */ = {
			isa = PBXGroup;
			children = (
				9EFA6F6B2B3473570068B3FE /* CircularProfileImageView.swift */,
			);
			path = Components;
			sourceTree = "<group>";
		};
		9EFA6F6D2B3481280068B3FE /* Chat */ = {
			isa = PBXGroup;
			children = (
				9EFA6F6E2B3481350068B3FE /* ChatView.swift */,
				9EFA6F702B3488E20068B3FE /* ChatMessageCell.swift */,
				9EFA6F722B348FFF0068B3FE /* ChatBubble.swift */,
			);
			path = Chat;
			sourceTree = "<group>";
		};
		9EFA6FAD2B35BFC10068B3FE /* ViewModel */ = {
			isa = PBXGroup;
			children = (
				9EFA6FAF2B35BFF60068B3FE /* LoginViewModel.swift */,
				9EFA6FB82B35C4490068B3FE /* SignUpViewModel.swift */,
			);
			path = ViewModel;
			sourceTree = "<group>";
		};
		9EFA6FAE2B35BFD20068B3FE /* Service */ = {
			isa = PBXGroup;
			children = (
				9EFA6FB52B35C0930068B3FE /* Impl */,
				9EFA6FB32B35C0470068B3FE /* AuthService.swift */,
			);
			path = Service;
			sourceTree = "<group>";
		};
		9EFA6FB52B35C0930068B3FE /* Impl */ = {
			isa = PBXGroup;
			children = (
				9EFA6FB62B35C0B10068B3FE /* AuthServiceImpl.swift */,
			);
			path = Impl;
			sourceTree = "<group>";
		};
		9EFA6FBA2B3C510F0068B3FE /* ViewModel */ = {
			isa = PBXGroup;
			children = (
				9EFA6FBC2B3C51400068B3FE /* ContentViewModel.swift */,
			);
			path = ViewModel;
			sourceTree = "<group>";
		};
		9EFA6FBB2B3C51110068B3FE /* View */ = {
			isa = PBXGroup;
			children = (
				9EFA6F392B2C004C0068B3FE /* ContentView.swift */,
			);
			path = View;
			sourceTree = "<group>";
		};
/* End PBXGroup section */

/* Begin PBXNativeTarget section */
		9EFA6F332B2C004C0068B3FE /* Messenger */ = {
			isa = PBXNativeTarget;
			buildConfigurationList = 9EFA6F422B2C00520068B3FE /* Build configuration list for PBXNativeTarget "Messenger" */;
			buildPhases = (
				9EFA6F302B2C004C0068B3FE /* Sources */,
				9EFA6F312B2C004C0068B3FE /* Frameworks */,
				9EFA6F322B2C004C0068B3FE /* Resources */,
			);
			buildRules = (
			);
			dependencies = (
			);
			name = Messenger;
			packageProductDependencies = (
				9EFA6F772B35BD280068B3FE /* FirebaseAnalytics */,
				9EFA6F792B35BD280068B3FE /* FirebaseAnalyticsOnDeviceConversion */,
				9EFA6F7B2B35BD280068B3FE /* FirebaseAnalyticsSwift */,
				9EFA6F7D2B35BD280068B3FE /* FirebaseAnalyticsWithoutAdIdSupport */,
				9EFA6F7F2B35BD280068B3FE /* FirebaseAppCheck */,
				9EFA6F812B35BD280068B3FE /* FirebaseAppDistribution-Beta */,
				9EFA6F832B35BD280068B3FE /* FirebaseAuth */,
				9EFA6F852B35BD280068B3FE /* FirebaseAuthCombine-Community */,
				9EFA6F872B35BD280068B3FE /* FirebaseCrashlytics */,
				9EFA6F892B35BD280068B3FE /* FirebaseDatabase */,
				9EFA6F8B2B35BD280068B3FE /* FirebaseDatabaseSwift */,
				9EFA6F8D2B35BD280068B3FE /* FirebaseDynamicLinks */,
				9EFA6F8F2B35BD280068B3FE /* FirebaseFirestore */,
				9EFA6F912B35BD280068B3FE /* FirebaseFirestoreCombine-Community */,
				9EFA6F932B35BD280068B3FE /* FirebaseFirestoreSwift */,
				9EFA6F952B35BD280068B3FE /* FirebaseFunctions */,
				9EFA6F972B35BD280068B3FE /* FirebaseFunctionsCombine-Community */,
				9EFA6F992B35BD280068B3FE /* FirebaseInAppMessaging-Beta */,
				9EFA6F9B2B35BD280068B3FE /* FirebaseInAppMessagingSwift-Beta */,
				9EFA6F9D2B35BD280068B3FE /* FirebaseInstallations */,
				9EFA6F9F2B35BD280068B3FE /* FirebaseMLModelDownloader */,
				9EFA6FA12B35BD280068B3FE /* FirebaseMessaging */,
				9EFA6FA32B35BD280068B3FE /* FirebasePerformance */,
				9EFA6FA52B35BD280068B3FE /* FirebaseRemoteConfig */,
				9EFA6FA72B35BD280068B3FE /* FirebaseRemoteConfigSwift */,
				9EFA6FA92B35BD280068B3FE /* FirebaseStorage */,
				9EFA6FAB2B35BD280068B3FE /* FirebaseStorageCombine-Community */,
			);
			productName = Messenger;
			productReference = 9EFA6F342B2C004C0068B3FE /* Messenger.app */;
			productType = "com.apple.product-type.application";
		};
/* End PBXNativeTarget section */

/* Begin PBXProject section */
		9EFA6F2C2B2C004B0068B3FE /* Project object */ = {
			isa = PBXProject;
			attributes = {
				BuildIndependentTargetsInParallel = 1;
				LastSwiftUpdateCheck = 1500;
				LastUpgradeCheck = 1500;
				TargetAttributes = {
					9EFA6F332B2C004C0068B3FE = {
						CreatedOnToolsVersion = 15.0.1;
					};
				};
			};
			buildConfigurationList = 9EFA6F2F2B2C004B0068B3FE /* Build configuration list for PBXProject "Messenger" */;
			compatibilityVersion = "Xcode 14.0";
			developmentRegion = en;
			hasScannedForEncodings = 0;
			knownRegions = (
				en,
				Base,
			);
			mainGroup = 9EFA6F2B2B2C004B0068B3FE;
			packageReferences = (
				9EFA6F762B35BD280068B3FE /* XCRemoteSwiftPackageReference "firebase-ios-sdk" */,
			);
			productRefGroup = 9EFA6F352B2C004C0068B3FE /* Products */;
			projectDirPath = "";
			projectRoot = "";
			targets = (
				9EFA6F332B2C004C0068B3FE /* Messenger */,
			);
		};
/* End PBXProject section */

/* Begin PBXResourcesBuildPhase section */
		9EFA6F322B2C004C0068B3FE /* Resources */ = {
			isa = PBXResourcesBuildPhase;
			buildActionMask = 2147483647;
			files = (
				9EFA6F3F2B2C00520068B3FE /* Preview Assets.xcassets in Resources */,
				9EFA6F3C2B2C00520068B3FE /* Assets.xcassets in Resources */,
				9EFA6F752B35B96A0068B3FE /* GoogleService-Info.plist in Resources */,
			);
			runOnlyForDeploymentPostprocessing = 0;
		};
/* End PBXResourcesBuildPhase section */

/* Begin PBXSourcesBuildPhase section */
		9EFA6F302B2C004C0068B3FE /* Sources */ = {
			isa = PBXSourcesBuildPhase;
			buildActionMask = 2147483647;
			files = (
				9EFA6F5A2B2E090A0068B3FE /* InboxRowView.swift in Sources */,
				9EFA6F622B345A660068B3FE /* ProfileView.swift in Sources */,
				9EFA6F5D2B3452B90068B3FE /* NewMessageView.swift in Sources */,
				9EFA6F502B2C0C7C0068B3FE /* SignUpView.swift in Sources */,
				9EFA6F6F2B3481350068B3FE /* ChatView.swift in Sources */,
				9EFA6FB42B35C0470068B3FE /* AuthService.swift in Sources */,
				9EFA6F4E2B2C01540068B3FE /* LoginView.swift in Sources */,
				9EFA6F712B3488E20068B3FE /* ChatMessageCell.swift in Sources */,
				9EFA6F732B348FFF0068B3FE /* ChatBubble.swift in Sources */,
				9EFA6F6C2B3473580068B3FE /* CircularProfileImageView.swift in Sources */,
				9EFA6F532B2E00E40068B3FE /* InboxView.swift in Sources */,
				9EFA6FB02B35BFF60068B3FE /* LoginViewModel.swift in Sources */,
				9EFA6FB92B35C4490068B3FE /* SignUpViewModel.swift in Sources */,
				9EFA6F582B2E05B80068B3FE /* ActiveNowView.swift in Sources */,
				9EFA6F662B3465DA0068B3FE /* ProfileViewModel.swift in Sources */,
				9EFA6F682B346BDD0068B3FE /* User.swift in Sources */,
				9EFA6F3A2B2C004C0068B3FE /* ContentView.swift in Sources */,
				9EFA6FBD2B3C51400068B3FE /* ContentViewModel.swift in Sources */,
				9EFA6FB72B35C0B10068B3FE /* AuthServiceImpl.swift in Sources */,
				9EFA6F642B345C6B0068B3FE /* SettingsOptionsViewModel.swift in Sources */,
				9EFA6F382B2C004C0068B3FE /* MessengerApp.swift in Sources */,
			);
			runOnlyForDeploymentPostprocessing = 0;
		};
/* End PBXSourcesBuildPhase section */

/* Begin XCBuildConfiguration section */
		9EFA6F402B2C00520068B3FE /* Debug */ = {
			isa = XCBuildConfiguration;
			buildSettings = {
				ALWAYS_SEARCH_USER_PATHS = NO;
				ASSETCATALOG_COMPILER_GENERATE_SWIFT_ASSET_SYMBOL_EXTENSIONS = YES;
				CLANG_ANALYZER_NONNULL = YES;
				CLANG_ANALYZER_NUMBER_OBJECT_CONVERSION = YES_AGGRESSIVE;
				CLANG_CXX_LANGUAGE_STANDARD = "gnu++20";
				CLANG_ENABLE_MODULES = YES;
				CLANG_ENABLE_OBJC_ARC = YES;
				CLANG_ENABLE_OBJC_WEAK = YES;
				CLANG_WARN_BLOCK_CAPTURE_AUTORELEASING = YES;
				CLANG_WARN_BOOL_CONVERSION = YES;
				CLANG_WARN_COMMA = YES;
				CLANG_WARN_CONSTANT_CONVERSION = YES;
				CLANG_WARN_DEPRECATED_OBJC_IMPLEMENTATIONS = YES;
				CLANG_WARN_DIRECT_OBJC_ISA_USAGE = YES_ERROR;
				CLANG_WARN_DOCUMENTATION_COMMENTS = YES;
				CLANG_WARN_EMPTY_BODY = YES;
				CLANG_WARN_ENUM_CONVERSION = YES;
				CLANG_WARN_INFINITE_RECURSION = YES;
				CLANG_WARN_INT_CONVERSION = YES;
				CLANG_WARN_NON_LITERAL_NULL_CONVERSION = YES;
				CLANG_WARN_OBJC_IMPLICIT_RETAIN_SELF = YES;
				CLANG_WARN_OBJC_LITERAL_CONVERSION = YES;
				CLANG_WARN_OBJC_ROOT_CLASS = YES_ERROR;
				CLANG_WARN_QUOTED_INCLUDE_IN_FRAMEWORK_HEADER = YES;
				CLANG_WARN_RANGE_LOOP_ANALYSIS = YES;
				CLANG_WARN_STRICT_PROTOTYPES = YES;
				CLANG_WARN_SUSPICIOUS_MOVE = YES;
				CLANG_WARN_UNGUARDED_AVAILABILITY = YES_AGGRESSIVE;
				CLANG_WARN_UNREACHABLE_CODE = YES;
				CLANG_WARN__DUPLICATE_METHOD_MATCH = YES;
				COPY_PHASE_STRIP = NO;
				DEBUG_INFORMATION_FORMAT = dwarf;
				ENABLE_STRICT_OBJC_MSGSEND = YES;
				ENABLE_TESTABILITY = YES;
				ENABLE_USER_SCRIPT_SANDBOXING = YES;
				GCC_C_LANGUAGE_STANDARD = gnu17;
				GCC_DYNAMIC_NO_PIC = NO;
				GCC_NO_COMMON_BLOCKS = YES;
				GCC_OPTIMIZATION_LEVEL = 0;
				GCC_PREPROCESSOR_DEFINITIONS = (
					"DEBUG=1",
					"$(inherited)",
				);
				GCC_WARN_64_TO_32_BIT_CONVERSION = YES;
				GCC_WARN_ABOUT_RETURN_TYPE = YES_ERROR;
				GCC_WARN_UNDECLARED_SELECTOR = YES;
				GCC_WARN_UNINITIALIZED_AUTOS = YES_AGGRESSIVE;
				GCC_WARN_UNUSED_FUNCTION = YES;
				GCC_WARN_UNUSED_VARIABLE = YES;
				IPHONEOS_DEPLOYMENT_TARGET = 17.0;
				LOCALIZATION_PREFERS_STRING_CATALOGS = YES;
				MTL_ENABLE_DEBUG_INFO = INCLUDE_SOURCE;
				MTL_FAST_MATH = YES;
				ONLY_ACTIVE_ARCH = YES;
				SDKROOT = iphoneos;
				SWIFT_ACTIVE_COMPILATION_CONDITIONS = "DEBUG $(inherited)";
				SWIFT_OPTIMIZATION_LEVEL = "-Onone";
			};
			name = Debug;
		};
		9EFA6F412B2C00520068B3FE /* Release */ = {
			isa = XCBuildConfiguration;
			buildSettings = {
				ALWAYS_SEARCH_USER_PATHS = NO;
				ASSETCATALOG_COMPILER_GENERATE_SWIFT_ASSET_SYMBOL_EXTENSIONS = YES;
				CLANG_ANALYZER_NONNULL = YES;
				CLANG_ANALYZER_NUMBER_OBJECT_CONVERSION = YES_AGGRESSIVE;
				CLANG_CXX_LANGUAGE_STANDARD = "gnu++20";
				CLANG_ENABLE_MODULES = YES;
				CLANG_ENABLE_OBJC_ARC = YES;
				CLANG_ENABLE_OBJC_WEAK = YES;
				CLANG_WARN_BLOCK_CAPTURE_AUTORELEASING = YES;
				CLANG_WARN_BOOL_CONVERSION = YES;
				CLANG_WARN_COMMA = YES;
				CLANG_WARN_CONSTANT_CONVERSION = YES;
				CLANG_WARN_DEPRECATED_OBJC_IMPLEMENTATIONS = YES;
				CLANG_WARN_DIRECT_OBJC_ISA_USAGE = YES_ERROR;
				CLANG_WARN_DOCUMENTATION_COMMENTS = YES;
				CLANG_WARN_EMPTY_BODY = YES;
				CLANG_WARN_ENUM_CONVERSION = YES;
				CLANG_WARN_INFINITE_RECURSION = YES;
				CLANG_WARN_INT_CONVERSION = YES;
				CLANG_WARN_NON_LITERAL_NULL_CONVERSION = YES;
				CLANG_WARN_OBJC_IMPLICIT_RETAIN_SELF = YES;
				CLANG_WARN_OBJC_LITERAL_CONVERSION = YES;
				CLANG_WARN_OBJC_ROOT_CLASS = YES_ERROR;
				CLANG_WARN_QUOTED_INCLUDE_IN_FRAMEWORK_HEADER = YES;
				CLANG_WARN_RANGE_LOOP_ANALYSIS = YES;
				CLANG_WARN_STRICT_PROTOTYPES = YES;
				CLANG_WARN_SUSPICIOUS_MOVE = YES;
				CLANG_WARN_UNGUARDED_AVAILABILITY = YES_AGGRESSIVE;
				CLANG_WARN_UNREACHABLE_CODE = YES;
				CLANG_WARN__DUPLICATE_METHOD_MATCH = YES;
				COPY_PHASE_STRIP = NO;
				DEBUG_INFORMATION_FORMAT = "dwarf-with-dsym";
				ENABLE_NS_ASSERTIONS = NO;
				ENABLE_STRICT_OBJC_MSGSEND = YES;
				ENABLE_USER_SCRIPT_SANDBOXING = YES;
				GCC_C_LANGUAGE_STANDARD = gnu17;
				GCC_NO_COMMON_BLOCKS = YES;
				GCC_WARN_64_TO_32_BIT_CONVERSION = YES;
				GCC_WARN_ABOUT_RETURN_TYPE = YES_ERROR;
				GCC_WARN_UNDECLARED_SELECTOR = YES;
				GCC_WARN_UNINITIALIZED_AUTOS = YES_AGGRESSIVE;
				GCC_WARN_UNUSED_FUNCTION = YES;
				GCC_WARN_UNUSED_VARIABLE = YES;
				IPHONEOS_DEPLOYMENT_TARGET = 17.0;
				LOCALIZATION_PREFERS_STRING_CATALOGS = YES;
				MTL_ENABLE_DEBUG_INFO = NO;
				MTL_FAST_MATH = YES;
				SDKROOT = iphoneos;
				SWIFT_COMPILATION_MODE = wholemodule;
				VALIDATE_PRODUCT = YES;
			};
			name = Release;
		};
		9EFA6F432B2C00520068B3FE /* Debug */ = {
			isa = XCBuildConfiguration;
			buildSettings = {
				ASSETCATALOG_COMPILER_APPICON_NAME = AppIcon;
				ASSETCATALOG_COMPILER_GLOBAL_ACCENT_COLOR_NAME = AccentColor;
				CODE_SIGN_STYLE = Automatic;
				CURRENT_PROJECT_VERSION = 1;
				DEVELOPMENT_ASSET_PATHS = "\"Messenger/Preview Content\"";
				DEVELOPMENT_TEAM = NT3V622V8B;
				ENABLE_PREVIEWS = YES;
				GENERATE_INFOPLIST_FILE = YES;
				INFOPLIST_KEY_UIApplicationSceneManifest_Generation = YES;
				INFOPLIST_KEY_UIApplicationSupportsIndirectInputEvents = YES;
				INFOPLIST_KEY_UILaunchScreen_Generation = YES;
				INFOPLIST_KEY_UISupportedInterfaceOrientations_iPad = "UIInterfaceOrientationPortrait UIInterfaceOrientationPortraitUpsideDown UIInterfaceOrientationLandscapeLeft UIInterfaceOrientationLandscapeRight";
				INFOPLIST_KEY_UISupportedInterfaceOrientations_iPhone = "UIInterfaceOrientationPortrait UIInterfaceOrientationLandscapeLeft UIInterfaceOrientationLandscapeRight";
				LD_RUNPATH_SEARCH_PATHS = (
					"$(inherited)",
					"@executable_path/Frameworks",
				);
				MARKETING_VERSION = 1.0;
				PRODUCT_BUNDLE_IDENTIFIER = "com.sebastian-nunez.Messenger";
				PRODUCT_NAME = "$(TARGET_NAME)";
				SWIFT_EMIT_LOC_STRINGS = YES;
				SWIFT_VERSION = 5.0;
				TARGETED_DEVICE_FAMILY = "1,2";
			};
			name = Debug;
		};
		9EFA6F442B2C00520068B3FE /* Release */ = {
			isa = XCBuildConfiguration;
			buildSettings = {
				ASSETCATALOG_COMPILER_APPICON_NAME = AppIcon;
				ASSETCATALOG_COMPILER_GLOBAL_ACCENT_COLOR_NAME = AccentColor;
				CODE_SIGN_STYLE = Automatic;
				CURRENT_PROJECT_VERSION = 1;
				DEVELOPMENT_ASSET_PATHS = "\"Messenger/Preview Content\"";
				DEVELOPMENT_TEAM = NT3V622V8B;
				ENABLE_PREVIEWS = YES;
				GENERATE_INFOPLIST_FILE = YES;
				INFOPLIST_KEY_UIApplicationSceneManifest_Generation = YES;
				INFOPLIST_KEY_UIApplicationSupportsIndirectInputEvents = YES;
				INFOPLIST_KEY_UILaunchScreen_Generation = YES;
				INFOPLIST_KEY_UISupportedInterfaceOrientations_iPad = "UIInterfaceOrientationPortrait UIInterfaceOrientationPortraitUpsideDown UIInterfaceOrientationLandscapeLeft UIInterfaceOrientationLandscapeRight";
				INFOPLIST_KEY_UISupportedInterfaceOrientations_iPhone = "UIInterfaceOrientationPortrait UIInterfaceOrientationLandscapeLeft UIInterfaceOrientationLandscapeRight";
				LD_RUNPATH_SEARCH_PATHS = (
					"$(inherited)",
					"@executable_path/Frameworks",
				);
				MARKETING_VERSION = 1.0;
				PRODUCT_BUNDLE_IDENTIFIER = "com.sebastian-nunez.Messenger";
				PRODUCT_NAME = "$(TARGET_NAME)";
				SWIFT_EMIT_LOC_STRINGS = YES;
				SWIFT_VERSION = 5.0;
				TARGETED_DEVICE_FAMILY = "1,2";
			};
			name = Release;
		};
/* End XCBuildConfiguration section */

/* Begin XCConfigurationList section */
		9EFA6F2F2B2C004B0068B3FE /* Build configuration list for PBXProject "Messenger" */ = {
			isa = XCConfigurationList;
			buildConfigurations = (
				9EFA6F402B2C00520068B3FE /* Debug */,
				9EFA6F412B2C00520068B3FE /* Release */,
			);
			defaultConfigurationIsVisible = 0;
			defaultConfigurationName = Release;
		};
		9EFA6F422B2C00520068B3FE /* Build configuration list for PBXNativeTarget "Messenger" */ = {
			isa = XCConfigurationList;
			buildConfigurations = (
				9EFA6F432B2C00520068B3FE /* Debug */,
				9EFA6F442B2C00520068B3FE /* Release */,
			);
			defaultConfigurationIsVisible = 0;
			defaultConfigurationName = Release;
		};
/* End XCConfigurationList section */

/* Begin XCRemoteSwiftPackageReference section */
		9EFA6F762B35BD280068B3FE /* XCRemoteSwiftPackageReference "firebase-ios-sdk" */ = {
			isa = XCRemoteSwiftPackageReference;
			repositoryURL = "https://github.com/firebase/firebase-ios-sdk";
			requirement = {
				kind = upToNextMajorVersion;
				minimumVersion = 10.19.1;
			};
		};
/* End XCRemoteSwiftPackageReference section */

/* Begin XCSwiftPackageProductDependency section */
		9EFA6F772B35BD280068B3FE /* FirebaseAnalytics */ = {
			isa = XCSwiftPackageProductDependency;
			package = 9EFA6F762B35BD280068B3FE /* XCRemoteSwiftPackageReference "firebase-ios-sdk" */;
			productName = FirebaseAnalytics;
		};
		9EFA6F792B35BD280068B3FE /* FirebaseAnalyticsOnDeviceConversion */ = {
			isa = XCSwiftPackageProductDependency;
			package = 9EFA6F762B35BD280068B3FE /* XCRemoteSwiftPackageReference "firebase-ios-sdk" */;
			productName = FirebaseAnalyticsOnDeviceConversion;
		};
		9EFA6F7B2B35BD280068B3FE /* FirebaseAnalyticsSwift */ = {
			isa = XCSwiftPackageProductDependency;
			package = 9EFA6F762B35BD280068B3FE /* XCRemoteSwiftPackageReference "firebase-ios-sdk" */;
			productName = FirebaseAnalyticsSwift;
		};
		9EFA6F7D2B35BD280068B3FE /* FirebaseAnalyticsWithoutAdIdSupport */ = {
			isa = XCSwiftPackageProductDependency;
			package = 9EFA6F762B35BD280068B3FE /* XCRemoteSwiftPackageReference "firebase-ios-sdk" */;
			productName = FirebaseAnalyticsWithoutAdIdSupport;
		};
		9EFA6F7F2B35BD280068B3FE /* FirebaseAppCheck */ = {
			isa = XCSwiftPackageProductDependency;
			package = 9EFA6F762B35BD280068B3FE /* XCRemoteSwiftPackageReference "firebase-ios-sdk" */;
			productName = FirebaseAppCheck;
		};
		9EFA6F812B35BD280068B3FE /* FirebaseAppDistribution-Beta */ = {
			isa = XCSwiftPackageProductDependency;
			package = 9EFA6F762B35BD280068B3FE /* XCRemoteSwiftPackageReference "firebase-ios-sdk" */;
			productName = "FirebaseAppDistribution-Beta";
		};
		9EFA6F832B35BD280068B3FE /* FirebaseAuth */ = {
			isa = XCSwiftPackageProductDependency;
			package = 9EFA6F762B35BD280068B3FE /* XCRemoteSwiftPackageReference "firebase-ios-sdk" */;
			productName = FirebaseAuth;
		};
		9EFA6F852B35BD280068B3FE /* FirebaseAuthCombine-Community */ = {
			isa = XCSwiftPackageProductDependency;
			package = 9EFA6F762B35BD280068B3FE /* XCRemoteSwiftPackageReference "firebase-ios-sdk" */;
			productName = "FirebaseAuthCombine-Community";
		};
		9EFA6F872B35BD280068B3FE /* FirebaseCrashlytics */ = {
			isa = XCSwiftPackageProductDependency;
			package = 9EFA6F762B35BD280068B3FE /* XCRemoteSwiftPackageReference "firebase-ios-sdk" */;
			productName = FirebaseCrashlytics;
		};
		9EFA6F892B35BD280068B3FE /* FirebaseDatabase */ = {
			isa = XCSwiftPackageProductDependency;
			package = 9EFA6F762B35BD280068B3FE /* XCRemoteSwiftPackageReference "firebase-ios-sdk" */;
			productName = FirebaseDatabase;
		};
		9EFA6F8B2B35BD280068B3FE /* FirebaseDatabaseSwift */ = {
			isa = XCSwiftPackageProductDependency;
			package = 9EFA6F762B35BD280068B3FE /* XCRemoteSwiftPackageReference "firebase-ios-sdk" */;
			productName = FirebaseDatabaseSwift;
		};
		9EFA6F8D2B35BD280068B3FE /* FirebaseDynamicLinks */ = {
			isa = XCSwiftPackageProductDependency;
			package = 9EFA6F762B35BD280068B3FE /* XCRemoteSwiftPackageReference "firebase-ios-sdk" */;
			productName = FirebaseDynamicLinks;
		};
		9EFA6F8F2B35BD280068B3FE /* FirebaseFirestore */ = {
			isa = XCSwiftPackageProductDependency;
			package = 9EFA6F762B35BD280068B3FE /* XCRemoteSwiftPackageReference "firebase-ios-sdk" */;
			productName = FirebaseFirestore;
		};
		9EFA6F912B35BD280068B3FE /* FirebaseFirestoreCombine-Community */ = {
			isa = XCSwiftPackageProductDependency;
			package = 9EFA6F762B35BD280068B3FE /* XCRemoteSwiftPackageReference "firebase-ios-sdk" */;
			productName = "FirebaseFirestoreCombine-Community";
		};
		9EFA6F932B35BD280068B3FE /* FirebaseFirestoreSwift */ = {
			isa = XCSwiftPackageProductDependency;
			package = 9EFA6F762B35BD280068B3FE /* XCRemoteSwiftPackageReference "firebase-ios-sdk" */;
			productName = FirebaseFirestoreSwift;
		};
		9EFA6F952B35BD280068B3FE /* FirebaseFunctions */ = {
			isa = XCSwiftPackageProductDependency;
			package = 9EFA6F762B35BD280068B3FE /* XCRemoteSwiftPackageReference "firebase-ios-sdk" */;
			productName = FirebaseFunctions;
		};
		9EFA6F972B35BD280068B3FE /* FirebaseFunctionsCombine-Community */ = {
			isa = XCSwiftPackageProductDependency;
			package = 9EFA6F762B35BD280068B3FE /* XCRemoteSwiftPackageReference "firebase-ios-sdk" */;
			productName = "FirebaseFunctionsCombine-Community";
		};
		9EFA6F992B35BD280068B3FE /* FirebaseInAppMessaging-Beta */ = {
			isa = XCSwiftPackageProductDependency;
			package = 9EFA6F762B35BD280068B3FE /* XCRemoteSwiftPackageReference "firebase-ios-sdk" */;
			productName = "FirebaseInAppMessaging-Beta";
		};
		9EFA6F9B2B35BD280068B3FE /* FirebaseInAppMessagingSwift-Beta */ = {
			isa = XCSwiftPackageProductDependency;
			package = 9EFA6F762B35BD280068B3FE /* XCRemoteSwiftPackageReference "firebase-ios-sdk" */;
			productName = "FirebaseInAppMessagingSwift-Beta";
		};
		9EFA6F9D2B35BD280068B3FE /* FirebaseInstallations */ = {
			isa = XCSwiftPackageProductDependency;
			package = 9EFA6F762B35BD280068B3FE /* XCRemoteSwiftPackageReference "firebase-ios-sdk" */;
			productName = FirebaseInstallations;
		};
		9EFA6F9F2B35BD280068B3FE /* FirebaseMLModelDownloader */ = {
			isa = XCSwiftPackageProductDependency;
			package = 9EFA6F762B35BD280068B3FE /* XCRemoteSwiftPackageReference "firebase-ios-sdk" */;
			productName = FirebaseMLModelDownloader;
		};
		9EFA6FA12B35BD280068B3FE /* FirebaseMessaging */ = {
			isa = XCSwiftPackageProductDependency;
			package = 9EFA6F762B35BD280068B3FE /* XCRemoteSwiftPackageReference "firebase-ios-sdk" */;
			productName = FirebaseMessaging;
		};
		9EFA6FA32B35BD280068B3FE /* FirebasePerformance */ = {
			isa = XCSwiftPackageProductDependency;
			package = 9EFA6F762B35BD280068B3FE /* XCRemoteSwiftPackageReference "firebase-ios-sdk" */;
			productName = FirebasePerformance;
		};
		9EFA6FA52B35BD280068B3FE /* FirebaseRemoteConfig */ = {
			isa = XCSwiftPackageProductDependency;
			package = 9EFA6F762B35BD280068B3FE /* XCRemoteSwiftPackageReference "firebase-ios-sdk" */;
			productName = FirebaseRemoteConfig;
		};
		9EFA6FA72B35BD280068B3FE /* FirebaseRemoteConfigSwift */ = {
			isa = XCSwiftPackageProductDependency;
			package = 9EFA6F762B35BD280068B3FE /* XCRemoteSwiftPackageReference "firebase-ios-sdk" */;
			productName = FirebaseRemoteConfigSwift;
		};
		9EFA6FA92B35BD280068B3FE /* FirebaseStorage */ = {
			isa = XCSwiftPackageProductDependency;
			package = 9EFA6F762B35BD280068B3FE /* XCRemoteSwiftPackageReference "firebase-ios-sdk" */;
			productName = FirebaseStorage;
		};
		9EFA6FAB2B35BD280068B3FE /* FirebaseStorageCombine-Community */ = {
			isa = XCSwiftPackageProductDependency;
			package = 9EFA6F762B35BD280068B3FE /* XCRemoteSwiftPackageReference "firebase-ios-sdk" */;
			productName = "FirebaseStorageCombine-Community";
		};
/* End XCSwiftPackageProductDependency section */
	};
	rootObject = 9EFA6F2C2B2C004B0068B3FE /* Project object */;
}
